
Microsoft Visual Studio Solution File, Format Version 12.00
# Visual Studio Version 16
VisualStudioVersion = 16.0.29230.61
MinimumVisualStudioVersion = 10.0.40219.1
Project("{2150E333-8FDC-42A3-9474-1A3956D46DE8}") = "APIs", "APIs", "{7D522587-9A55-4B2C-977B-694E29029813}"
EndProject
Project("{2150E333-8FDC-42A3-9474-1A3956D46DE8}") = "Facades", "Facades", "{AA90F9D7-25C1-4736-AF89-83E63C9A0AFB}"
EndProject
Project("{2150E333-8FDC-42A3-9474-1A3956D46DE8}") = "Modules", "Modules", "{76C0072A-66F3-4FB0-A2F4-7AD636E72CBF}"
EndProject
Project("{2150E333-8FDC-42A3-9474-1A3956D46DE8}") = "Common", "Common", "{ABB0382E-7FB9-43FE-96B1-BA8447A88D19}"
EndProject
Project("{FAE04EC0-301F-11D3-BF4B-00C04F79EFBC}") = "Kaddis.Framework.APIs.Resources", "Kaddis.Framework.APIs.Resources\Kaddis.Framework.APIs.Resources.csproj", "{3B9B3E8E-36AF-4D00-B349-46631B0A4FDB}"
EndProject
Project("{FAE04EC0-301F-11D3-BF4B-00C04F79EFBC}") = "Kaddis.Framework.Facades.Common", "Kaddis.Framework.Facades.Common\Kaddis.Framework.Facades.Common.csproj", "{DB7DE513-695B-45D8-94D6-E4C66BB862B2}"
EndProject
Project("{FAE04EC0-301F-11D3-BF4B-00C04F79EFBC}") = "Kaddis.Framework.Facades.ICommon", "Kaddis.Framework.Facades.ICommon\Kaddis.Framework.Facades.ICommon.csproj", "{BC370F89-3CA4-4E64-BF2C-52653B65CE1C}"
EndProject
Project("{FAE04EC0-301F-11D3-BF4B-00C04F79EFBC}") = "Kaddis.Framework.Core.Domain", "Kaddis.Framework.Core.Domain\Kaddis.Framework.Core.Domain.csproj", "{450DDA3B-7CFB-4B99-8C5B-84BE6EF76F7C}"
EndProject
Project("{FAE04EC0-301F-11D3-BF4B-00C04F79EFBC}") = "Kaddis.Framework.Core.Application", "Kaddis.Framework.Core.Application\Kaddis.Framework.Core.Application.csproj", "{A306B4DB-2CC3-43A2-9EF3-83FDA67125FF}"
EndProject
Global
	GlobalSection(SolutionConfigurationPlatforms) = preSolution
		Debug|Any CPU = Debug|Any CPU
		Release|Any CPU = Release|Any CPU
	EndGlobalSection
	GlobalSection(ProjectConfigurationPlatforms) = postSolution
		{3B9B3E8E-36AF-4D00-B349-46631B0A4FDB}.Debug|Any CPU.ActiveCfg = Debug|Any CPU
		{3B9B3E8E-36AF-4D00-B349-46631B0A4FDB}.Debug|Any CPU.Build.0 = Debug|Any CPU
		{3B9B3E8E-36AF-4D00-B349-46631B0A4FDB}.Release|Any CPU.ActiveCfg = Release|Any CPU
		{3B9B3E8E-36AF-4D00-B349-46631B0A4FDB}.Release|Any CPU.Build.0 = Release|Any CPU
		{DB7DE513-695B-45D8-94D6-E4C66BB862B2}.Debug|Any CPU.ActiveCfg = Debug|Any CPU
		{DB7DE513-695B-45D8-94D6-E4C66BB862B2}.Debug|Any CPU.Build.0 = Debug|Any CPU
		{DB7DE513-695B-45D8-94D6-E4C66BB862B2}.Release|Any CPU.ActiveCfg = Release|Any CPU
		{DB7DE513-695B-45D8-94D6-E4C66BB862B2}.Release|Any CPU.Build.0 = Release|Any CPU
		{BC370F89-3CA4-4E64-BF2C-52653B65CE1C}.Debug|Any CPU.ActiveCfg = Debug|Any CPU
		{BC370F89-3CA4-4E64-BF2C-52653B65CE1C}.Debug|Any CPU.Build.0 = Debug|Any CPU
		{BC370F89-3CA4-4E64-BF2C-52653B65CE1C}.Release|Any CPU.ActiveCfg = Release|Any CPU
		{BC370F89-3CA4-4E64-BF2C-52653B65CE1C}.Release|Any CPU.Build.0 = Release|Any CPU
		{450DDA3B-7CFB-4B99-8C5B-84BE6EF76F7C}.Debug|Any CPU.ActiveCfg = Debug|Any CPU
		{450DDA3B-7CFB-4B99-8C5B-84BE6EF76F7C}.Debug|Any CPU.Build.0 = Debug|Any CPU
		{450DDA3B-7CFB-4B99-8C5B-84BE6EF76F7C}.Release|Any CPU.ActiveCfg = Release|Any CPU
		{450DDA3B-7CFB-4B99-8C5B-84BE6EF76F7C}.Release|Any CPU.Build.0 = Release|Any CPU
		{A306B4DB-2CC3-43A2-9EF3-83FDA67125FF}.Debug|Any CPU.ActiveCfg = Debug|Any CPU
		{A306B4DB-2CC3-43A2-9EF3-83FDA67125FF}.Debug|Any CPU.Build.0 = Debug|Any CPU
		{A306B4DB-2CC3-43A2-9EF3-83FDA67125FF}.Release|Any CPU.ActiveCfg = Release|Any CPU
		{A306B4DB-2CC3-43A2-9EF3-83FDA67125FF}.Release|Any CPU.Build.0 = Release|Any CPU
	EndGlobalSection
	GlobalSection(SolutionProperties) = preSolution
		HideSolutionNode = FALSE
	EndGlobalSection
	GlobalSection(NestedProjects) = preSolution
		{ABB0382E-7FB9-43FE-96B1-BA8447A88D19} = {76C0072A-66F3-4FB0-A2F4-7AD636E72CBF}
	EndGlobalSection
	GlobalSection(ExtensibilityGlobals) = postSolution
		SolutionGuid = {CC4C7932-9E16-4F7E-9AB1-62C2076AFCC2}
	EndGlobalSection
EndGlobal
